
Microsoft Visual Studio Solution File, Format Version 12.00
Project("{FAE04EC0-301F-11D3-BF4B-00C04F79EFBC}") = "Digitron", "Digitron\Digitron.csproj", "{6FBD7DE6-66E6-4F4C-9EB9-C37E1F0D65BE}"
EndProject
Global
	GlobalSection(SolutionConfigurationPlatforms) = preSolution
		Debug|Any CPU = Debug|Any CPU
		Release|Any CPU = Release|Any CPU
	EndGlobalSection
	GlobalSection(ProjectConfigurationPlatforms) = postSolution
		{6FBD7DE6-66E6-4F4C-9EB9-C37E1F0D65BE}.Debug|Any CPU.ActiveCfg = Debug|Any CPU
		{6FBD7DE6-66E6-4F4C-9EB9-C37E1F0D65BE}.Debug|Any CPU.Build.0 = Debug|Any CPU
		{6FBD7DE6-66E6-4F4C-9EB9-C37E1F0D65BE}.Release|Any CPU.ActiveCfg = Release|Any CPU
		{6FBD7DE6-66E6-4F4C-9EB9-C37E1F0D65BE}.Release|Any CPU.Build.0 = Release|Any CPU
		{6FBD7DE6-66E6-4F4C-9EB9-C37E1F0D65BE}.Debug|Any CPU.Deploy.0 = Debug|Any CPU
	EndGlobalSection
EndGlobal
